
Microsoft Visual Studio Solution File, Format Version 12.00
# Visual Studio 15
VisualStudioVersion = 15.0.27703.2026
MinimumVisualStudioVersion = 10.0.40219.1
Project("{2150E333-8FDC-42A3-9474-1A3956D46DE8}") = ".paket", ".paket", "{D5F93442-F280-45E1-9224-5BF707244CC8}"
	ProjectSection(SolutionItems) = preProject
		paket.dependencies = paket.dependencies
		paket.lock = paket.lock
	EndProjectSection
EndProject
Project("{F2A71F9B-5D33-465A-A702-920D77279786}") = "Nata.IO.EventStore", "Nata.IO.EventStore\Nata.IO.EventStore.fsproj", "{B5F580E2-3957-41C3-9F14-F9F8CF636B7E}"
EndProject
Project("{F2A71F9B-5D33-465A-A702-920D77279786}") = "Nata.IO.EventStore.Tests", "Nata.IO.EventStore.Tests\Nata.IO.EventStore.Tests.fsproj", "{A308B0D1-8460-46BB-B52E-B87E994A0FC6}"
EndProject
Project("{F2A71F9B-5D33-465A-A702-920D77279786}") = "Nata.IO.Tests", "Nata.IO.Tests\Nata.IO.Tests.fsproj", "{B58419F9-0387-4780-99D7-70CA2938DA00}"
EndProject
Project("{F2A71F9B-5D33-465A-A702-920D77279786}") = "Nata.IO.Memory.Tests", "Nata.IO.Memory.Tests\Nata.IO.Memory.Tests.fsproj", "{B48AC22E-D39F-4F69-9824-028D7D3064CD}"
EndProject
Project("{F2A71F9B-5D33-465A-A702-920D77279786}") = "Nata.IO.File.Tests", "Nata.IO.File.Tests\Nata.IO.File.Tests.fsproj", "{A94B60A5-2F0F-4460-8F3B-49889CEBB001}"
EndProject
Project("{F2A71F9B-5D33-465A-A702-920D77279786}") = "Nata.IO.KafkaNet", "Nata.IO.KafkaNet\Nata.IO.KafkaNet.fsproj", "{B771E50D-567E-44A7-A8A2-8F6FE159ABF6}"
EndProject
Project("{F2A71F9B-5D33-465A-A702-920D77279786}") = "Nata.IO.KafkaNet.Tests", "Nata.IO.KafkaNet.Tests\Nata.IO.KafkaNet.Tests.fsproj", "{A48C2A25-F168-4DA7-BAC2-73A9BE02F027}"
EndProject
Project("{F2A71F9B-5D33-465A-A702-920D77279786}") = "Nata.IO.AzureStorage", "Nata.IO.AzureStorage\Nata.IO.AzureStorage.fsproj", "{B193DB82-958B-403A-B4D4-6369ADB1E6EF}"
EndProject
Project("{F2A71F9B-5D33-465A-A702-920D77279786}") = "Nata.IO.AzureStorage.Tests", "Nata.IO.AzureStorage.Tests\Nata.IO.AzureStorage.Tests.fsproj", "{79D6ACA1-59E0-4278-AEA0-2CD1E526A4DB}"
EndProject
Project("{F2A71F9B-5D33-465A-A702-920D77279786}") = "Nata.IO.RabbitMQ", "Nata.IO.RabbitMQ\Nata.IO.RabbitMQ.fsproj", "{A60676EE-8E17-4830-BB88-F2D520F5B55F}"
EndProject
Project("{F2A71F9B-5D33-465A-A702-920D77279786}") = "Nata.IO.RabbitMQ.Tests", "Nata.IO.RabbitMQ.Tests\Nata.IO.RabbitMQ.Tests.fsproj", "{9D416CA4-09CE-4722-905F-251162BDFDDF}"
EndProject
Project("{F2A71F9B-5D33-465A-A702-920D77279786}") = "Nata.IO.EventHub", "Nata.IO.EventHub\Nata.IO.EventHub.fsproj", "{3844EA6A-47FB-4828-8D25-7ECFF02CAA27}"
EndProject
Project("{F2A71F9B-5D33-465A-A702-920D77279786}") = "Nata.IO.EventHub.Tests", "Nata.IO.EventHub.Tests\Nata.IO.EventHub.Tests.fsproj", "{F0D10D96-77ED-4C85-9CF9-D4F2F6B49272}"
EndProject
Project("{F2A71F9B-5D33-465A-A702-920D77279786}") = "Nata.Fun.JsonPath", "Nata.Fun.JsonPath\Nata.Fun.JsonPath.fsproj", "{714846EF-7B39-40DD-BF6A-AE694CEBA160}"
EndProject
Project("{F2A71F9B-5D33-465A-A702-920D77279786}") = "Nata.IO.WebSocket", "Nata.IO.WebSocket\Nata.IO.WebSocket.fsproj", "{D72C8833-920D-4120-980E-96FA27D47505}"
EndProject
Project("{F2A71F9B-5D33-465A-A702-920D77279786}") = "Nata.IO.WebSocket.Tests", "Nata.IO.WebSocket.Tests\Nata.IO.WebSocket.Tests.fsproj", "{03CCA3DD-60E3-4E9A-9D2D-26D9CB1EEDB5}"
EndProject
Project("{F2A71F9B-5D33-465A-A702-920D77279786}") = "Nata.Script", "Nata.Script\Nata.Script.fsproj", "{61FE0825-3FA2-411E-9DB8-DD1515708230}"
EndProject
Project("{F2A71F9B-5D33-465A-A702-920D77279786}") = "Nata.IO.Consul", "Nata.IO.Consul\Nata.IO.Consul.fsproj", "{C986164E-EB5E-477D-9465-23C4ACC88430}"
EndProject
Project("{F2A71F9B-5D33-465A-A702-920D77279786}") = "Nata.IO.Consul.Tests", "Nata.IO.Consul.Tests\Nata.IO.Consul.Tests.fsproj", "{DDA34256-5DD9-4F5F-B4DC-7E7650D3DADC}"
EndProject
Project("{F2A71F9B-5D33-465A-A702-920D77279786}") = "Nata.Fun.Schema", "Nata.Fun.Schema\Nata.Fun.Schema.fsproj", "{D8210F06-E733-461E-B943-70EF90A5D320}"
EndProject
Project("{F2A71F9B-5D33-465A-A702-920D77279786}") = "Nata.Fun.Schema.Tests", "Nata.Fun.Schema.Tests\Nata.Fun.Schema.Tests.fsproj", "{69CF4095-C7B4-4CA8-A309-9A1BC163E7E4}"
EndProject
Project("{F2A71F9B-5D33-465A-A702-920D77279786}") = "Nata.Fun.JsonPath.Tests", "Nata.Fun.JsonPath.Tests\Nata.Fun.JsonPath.Tests.fsproj", "{B8747390-219E-4755-97B7-A45659A4821B}"
EndProject
Project("{F2A71F9B-5D33-465A-A702-920D77279786}") = "Nata.Core.Tests", "Nata.Core.Tests\Nata.Core.Tests.fsproj", "{0A6F3787-611D-43E9-B033-90B906F29AA0}"
EndProject
Project("{F2A71F9B-5D33-465A-A702-920D77279786}") = "Nata.IO.Kafunk", "Nata.IO.Kafunk\Nata.IO.Kafunk.fsproj", "{D179D85E-10FC-416F-BCE5-1F8EDF51BD0E}"
EndProject
Project("{F2A71F9B-5D33-465A-A702-920D77279786}") = "Nata.IO.Kafunk.Tests", "Nata.IO.Kafunk.Tests\Nata.IO.Kafunk.Tests.fsproj", "{EE771041-5CD0-4185-B1E6-5AF358C44A14}"
EndProject
Project("{F2A71F9B-5D33-465A-A702-920D77279786}") = "Nata.Service", "Nata.Service\Nata.Service.fsproj", "{D2D3CF4B-5DCA-4D71-A213-AAE2E39EB39F}"
EndProject
Project("{F2A71F9B-5D33-465A-A702-920D77279786}") = "Nata.Service.Tests", "Nata.Service.Tests\Nata.Service.Tests.fsproj", "{947486E6-0AE7-4121-8671-CC201F8CABC2}"
EndProject
Project("{F2A71F9B-5D33-465A-A702-920D77279786}") = "Nata.IO.CosmosDB", "Nata.IO.CosmosDB\Nata.IO.CosmosDB.fsproj", "{ADDA18FE-93A5-48BF-BC90-6C36E595626F}"
EndProject
Project("{F2A71F9B-5D33-465A-A702-920D77279786}") = "Nata.IO.CosmosDB.Tests", "Nata.IO.CosmosDB.Tests\Nata.IO.CosmosDB.Tests.fsproj", "{D4142BEA-4EB8-48E3-993E-F26EA6696DF6}"
EndProject
Project("{6EC3EE1D-3C4E-46DD-8F32-0CC8E7565705}") = "Nata.Core", "Nata.Core\Nata.Core.fsproj", "{2BC3CF88-626B-4782-9C39-87346853F7BB}"
EndProject
Project("{6EC3EE1D-3C4E-46DD-8F32-0CC8E7565705}") = "Nata.IO", "Nata.IO\Nata.IO.fsproj", "{309D74FC-A98C-4940-8216-F1C617181702}"
EndProject
Project("{F2A71F9B-5D33-465A-A702-920D77279786}") = "Nata.IO.Memory", "Nata.IO.Memory\Nata.IO.Memory.fsproj", "{CE2DD5E4-E10C-4D62-A859-5C325971D7BA}"
EndProject
Project("{F2A71F9B-5D33-465A-A702-920D77279786}") = "Nata.IO.File", "Nata.IO.File\Nata.IO.File.fsproj", "{5BBEDB3B-92CB-4B03-A16B-046782932EA5}"
EndProject
Global
	GlobalSection(SolutionConfigurationPlatforms) = preSolution
		Debug|Any CPU = Debug|Any CPU
		Release|Any CPU = Release|Any CPU
	EndGlobalSection
	GlobalSection(ProjectConfigurationPlatforms) = postSolution
		{B5F580E2-3957-41C3-9F14-F9F8CF636B7E}.Debug|Any CPU.ActiveCfg = Debug|Any CPU
		{B5F580E2-3957-41C3-9F14-F9F8CF636B7E}.Debug|Any CPU.Build.0 = Debug|Any CPU
		{B5F580E2-3957-41C3-9F14-F9F8CF636B7E}.Release|Any CPU.ActiveCfg = Release|Any CPU
		{B5F580E2-3957-41C3-9F14-F9F8CF636B7E}.Release|Any CPU.Build.0 = Release|Any CPU
		{A308B0D1-8460-46BB-B52E-B87E994A0FC6}.Debug|Any CPU.ActiveCfg = Debug|Any CPU
		{A308B0D1-8460-46BB-B52E-B87E994A0FC6}.Debug|Any CPU.Build.0 = Debug|Any CPU
		{A308B0D1-8460-46BB-B52E-B87E994A0FC6}.Release|Any CPU.ActiveCfg = Release|Any CPU
		{A308B0D1-8460-46BB-B52E-B87E994A0FC6}.Release|Any CPU.Build.0 = Release|Any CPU
		{B58419F9-0387-4780-99D7-70CA2938DA00}.Debug|Any CPU.ActiveCfg = Debug|Any CPU
		{B58419F9-0387-4780-99D7-70CA2938DA00}.Debug|Any CPU.Build.0 = Debug|Any CPU
		{B58419F9-0387-4780-99D7-70CA2938DA00}.Release|Any CPU.ActiveCfg = Release|Any CPU
		{B58419F9-0387-4780-99D7-70CA2938DA00}.Release|Any CPU.Build.0 = Release|Any CPU
		{B48AC22E-D39F-4F69-9824-028D7D3064CD}.Debug|Any CPU.ActiveCfg = Debug|Any CPU
		{B48AC22E-D39F-4F69-9824-028D7D3064CD}.Debug|Any CPU.Build.0 = Debug|Any CPU
		{B48AC22E-D39F-4F69-9824-028D7D3064CD}.Release|Any CPU.ActiveCfg = Release|Any CPU
		{B48AC22E-D39F-4F69-9824-028D7D3064CD}.Release|Any CPU.Build.0 = Release|Any CPU
		{A94B60A5-2F0F-4460-8F3B-49889CEBB001}.Debug|Any CPU.ActiveCfg = Debug|Any CPU
		{A94B60A5-2F0F-4460-8F3B-49889CEBB001}.Debug|Any CPU.Build.0 = Debug|Any CPU
		{A94B60A5-2F0F-4460-8F3B-49889CEBB001}.Release|Any CPU.ActiveCfg = Release|Any CPU
		{A94B60A5-2F0F-4460-8F3B-49889CEBB001}.Release|Any CPU.Build.0 = Release|Any CPU
		{B771E50D-567E-44A7-A8A2-8F6FE159ABF6}.Debug|Any CPU.ActiveCfg = Debug|Any CPU
		{B771E50D-567E-44A7-A8A2-8F6FE159ABF6}.Debug|Any CPU.Build.0 = Debug|Any CPU
		{B771E50D-567E-44A7-A8A2-8F6FE159ABF6}.Release|Any CPU.ActiveCfg = Release|Any CPU
		{B771E50D-567E-44A7-A8A2-8F6FE159ABF6}.Release|Any CPU.Build.0 = Release|Any CPU
		{A48C2A25-F168-4DA7-BAC2-73A9BE02F027}.Debug|Any CPU.ActiveCfg = Debug|Any CPU
		{A48C2A25-F168-4DA7-BAC2-73A9BE02F027}.Debug|Any CPU.Build.0 = Debug|Any CPU
		{A48C2A25-F168-4DA7-BAC2-73A9BE02F027}.Release|Any CPU.ActiveCfg = Release|Any CPU
		{A48C2A25-F168-4DA7-BAC2-73A9BE02F027}.Release|Any CPU.Build.0 = Release|Any CPU
		{B193DB82-958B-403A-B4D4-6369ADB1E6EF}.Debug|Any CPU.ActiveCfg = Debug|Any CPU
		{B193DB82-958B-403A-B4D4-6369ADB1E6EF}.Debug|Any CPU.Build.0 = Debug|Any CPU
		{B193DB82-958B-403A-B4D4-6369ADB1E6EF}.Release|Any CPU.ActiveCfg = Release|Any CPU
		{B193DB82-958B-403A-B4D4-6369ADB1E6EF}.Release|Any CPU.Build.0 = Release|Any CPU
		{79D6ACA1-59E0-4278-AEA0-2CD1E526A4DB}.Debug|Any CPU.ActiveCfg = Debug|Any CPU
		{79D6ACA1-59E0-4278-AEA0-2CD1E526A4DB}.Debug|Any CPU.Build.0 = Debug|Any CPU
		{79D6ACA1-59E0-4278-AEA0-2CD1E526A4DB}.Release|Any CPU.ActiveCfg = Release|Any CPU
		{79D6ACA1-59E0-4278-AEA0-2CD1E526A4DB}.Release|Any CPU.Build.0 = Release|Any CPU
		{A60676EE-8E17-4830-BB88-F2D520F5B55F}.Debug|Any CPU.ActiveCfg = Debug|Any CPU
		{A60676EE-8E17-4830-BB88-F2D520F5B55F}.Debug|Any CPU.Build.0 = Debug|Any CPU
		{A60676EE-8E17-4830-BB88-F2D520F5B55F}.Release|Any CPU.ActiveCfg = Release|Any CPU
		{A60676EE-8E17-4830-BB88-F2D520F5B55F}.Release|Any CPU.Build.0 = Release|Any CPU
		{9D416CA4-09CE-4722-905F-251162BDFDDF}.Debug|Any CPU.ActiveCfg = Debug|Any CPU
		{9D416CA4-09CE-4722-905F-251162BDFDDF}.Debug|Any CPU.Build.0 = Debug|Any CPU
		{9D416CA4-09CE-4722-905F-251162BDFDDF}.Release|Any CPU.ActiveCfg = Release|Any CPU
		{9D416CA4-09CE-4722-905F-251162BDFDDF}.Release|Any CPU.Build.0 = Release|Any CPU
		{3844EA6A-47FB-4828-8D25-7ECFF02CAA27}.Debug|Any CPU.ActiveCfg = Debug|Any CPU
		{3844EA6A-47FB-4828-8D25-7ECFF02CAA27}.Debug|Any CPU.Build.0 = Debug|Any CPU
		{3844EA6A-47FB-4828-8D25-7ECFF02CAA27}.Release|Any CPU.ActiveCfg = Release|Any CPU
		{3844EA6A-47FB-4828-8D25-7ECFF02CAA27}.Release|Any CPU.Build.0 = Release|Any CPU
		{F0D10D96-77ED-4C85-9CF9-D4F2F6B49272}.Debug|Any CPU.ActiveCfg = Debug|Any CPU
		{F0D10D96-77ED-4C85-9CF9-D4F2F6B49272}.Debug|Any CPU.Build.0 = Debug|Any CPU
		{F0D10D96-77ED-4C85-9CF9-D4F2F6B49272}.Release|Any CPU.ActiveCfg = Release|Any CPU
		{F0D10D96-77ED-4C85-9CF9-D4F2F6B49272}.Release|Any CPU.Build.0 = Release|Any CPU
		{714846EF-7B39-40DD-BF6A-AE694CEBA160}.Debug|Any CPU.ActiveCfg = Debug|Any CPU
		{714846EF-7B39-40DD-BF6A-AE694CEBA160}.Debug|Any CPU.Build.0 = Debug|Any CPU
		{714846EF-7B39-40DD-BF6A-AE694CEBA160}.Release|Any CPU.ActiveCfg = Release|Any CPU
		{714846EF-7B39-40DD-BF6A-AE694CEBA160}.Release|Any CPU.Build.0 = Release|Any CPU
		{D72C8833-920D-4120-980E-96FA27D47505}.Debug|Any CPU.ActiveCfg = Debug|Any CPU
		{D72C8833-920D-4120-980E-96FA27D47505}.Debug|Any CPU.Build.0 = Debug|Any CPU
		{D72C8833-920D-4120-980E-96FA27D47505}.Release|Any CPU.ActiveCfg = Release|Any CPU
		{D72C8833-920D-4120-980E-96FA27D47505}.Release|Any CPU.Build.0 = Release|Any CPU
		{03CCA3DD-60E3-4E9A-9D2D-26D9CB1EEDB5}.Debug|Any CPU.ActiveCfg = Debug|Any CPU
		{03CCA3DD-60E3-4E9A-9D2D-26D9CB1EEDB5}.Debug|Any CPU.Build.0 = Debug|Any CPU
		{03CCA3DD-60E3-4E9A-9D2D-26D9CB1EEDB5}.Release|Any CPU.ActiveCfg = Release|Any CPU
		{03CCA3DD-60E3-4E9A-9D2D-26D9CB1EEDB5}.Release|Any CPU.Build.0 = Release|Any CPU
		{61FE0825-3FA2-411E-9DB8-DD1515708230}.Debug|Any CPU.ActiveCfg = Debug|Any CPU
		{61FE0825-3FA2-411E-9DB8-DD1515708230}.Debug|Any CPU.Build.0 = Debug|Any CPU
		{61FE0825-3FA2-411E-9DB8-DD1515708230}.Release|Any CPU.ActiveCfg = Release|Any CPU
		{61FE0825-3FA2-411E-9DB8-DD1515708230}.Release|Any CPU.Build.0 = Release|Any CPU
		{C986164E-EB5E-477D-9465-23C4ACC88430}.Debug|Any CPU.ActiveCfg = Debug|Any CPU
		{C986164E-EB5E-477D-9465-23C4ACC88430}.Debug|Any CPU.Build.0 = Debug|Any CPU
		{C986164E-EB5E-477D-9465-23C4ACC88430}.Release|Any CPU.ActiveCfg = Release|Any CPU
		{C986164E-EB5E-477D-9465-23C4ACC88430}.Release|Any CPU.Build.0 = Release|Any CPU
		{DDA34256-5DD9-4F5F-B4DC-7E7650D3DADC}.Debug|Any CPU.ActiveCfg = Debug|Any CPU
		{DDA34256-5DD9-4F5F-B4DC-7E7650D3DADC}.Debug|Any CPU.Build.0 = Debug|Any CPU
		{DDA34256-5DD9-4F5F-B4DC-7E7650D3DADC}.Release|Any CPU.ActiveCfg = Release|Any CPU
		{DDA34256-5DD9-4F5F-B4DC-7E7650D3DADC}.Release|Any CPU.Build.0 = Release|Any CPU
		{D8210F06-E733-461E-B943-70EF90A5D320}.Debug|Any CPU.ActiveCfg = Debug|Any CPU
		{D8210F06-E733-461E-B943-70EF90A5D320}.Debug|Any CPU.Build.0 = Debug|Any CPU
		{D8210F06-E733-461E-B943-70EF90A5D320}.Release|Any CPU.ActiveCfg = Release|Any CPU
		{D8210F06-E733-461E-B943-70EF90A5D320}.Release|Any CPU.Build.0 = Release|Any CPU
		{69CF4095-C7B4-4CA8-A309-9A1BC163E7E4}.Debug|Any CPU.ActiveCfg = Debug|Any CPU
		{69CF4095-C7B4-4CA8-A309-9A1BC163E7E4}.Debug|Any CPU.Build.0 = Debug|Any CPU
		{69CF4095-C7B4-4CA8-A309-9A1BC163E7E4}.Release|Any CPU.ActiveCfg = Release|Any CPU
		{69CF4095-C7B4-4CA8-A309-9A1BC163E7E4}.Release|Any CPU.Build.0 = Release|Any CPU
		{B8747390-219E-4755-97B7-A45659A4821B}.Debug|Any CPU.ActiveCfg = Debug|Any CPU
		{B8747390-219E-4755-97B7-A45659A4821B}.Debug|Any CPU.Build.0 = Debug|Any CPU
		{B8747390-219E-4755-97B7-A45659A4821B}.Release|Any CPU.ActiveCfg = Release|Any CPU
		{B8747390-219E-4755-97B7-A45659A4821B}.Release|Any CPU.Build.0 = Release|Any CPU
		{0A6F3787-611D-43E9-B033-90B906F29AA0}.Debug|Any CPU.ActiveCfg = Debug|Any CPU
		{0A6F3787-611D-43E9-B033-90B906F29AA0}.Debug|Any CPU.Build.0 = Debug|Any CPU
		{0A6F3787-611D-43E9-B033-90B906F29AA0}.Release|Any CPU.ActiveCfg = Release|Any CPU
		{0A6F3787-611D-43E9-B033-90B906F29AA0}.Release|Any CPU.Build.0 = Release|Any CPU
		{D179D85E-10FC-416F-BCE5-1F8EDF51BD0E}.Debug|Any CPU.ActiveCfg = Debug|Any CPU
		{D179D85E-10FC-416F-BCE5-1F8EDF51BD0E}.Debug|Any CPU.Build.0 = Debug|Any CPU
		{D179D85E-10FC-416F-BCE5-1F8EDF51BD0E}.Release|Any CPU.ActiveCfg = Release|Any CPU
		{D179D85E-10FC-416F-BCE5-1F8EDF51BD0E}.Release|Any CPU.Build.0 = Release|Any CPU
		{EE771041-5CD0-4185-B1E6-5AF358C44A14}.Debug|Any CPU.ActiveCfg = Debug|Any CPU
		{EE771041-5CD0-4185-B1E6-5AF358C44A14}.Debug|Any CPU.Build.0 = Debug|Any CPU
		{EE771041-5CD0-4185-B1E6-5AF358C44A14}.Release|Any CPU.ActiveCfg = Release|Any CPU
		{EE771041-5CD0-4185-B1E6-5AF358C44A14}.Release|Any CPU.Build.0 = Release|Any CPU
		{D2D3CF4B-5DCA-4D71-A213-AAE2E39EB39F}.Debug|Any CPU.ActiveCfg = Debug|Any CPU
		{D2D3CF4B-5DCA-4D71-A213-AAE2E39EB39F}.Debug|Any CPU.Build.0 = Debug|Any CPU
		{D2D3CF4B-5DCA-4D71-A213-AAE2E39EB39F}.Release|Any CPU.ActiveCfg = Release|Any CPU
		{D2D3CF4B-5DCA-4D71-A213-AAE2E39EB39F}.Release|Any CPU.Build.0 = Release|Any CPU
		{947486E6-0AE7-4121-8671-CC201F8CABC2}.Debug|Any CPU.ActiveCfg = Debug|Any CPU
		{947486E6-0AE7-4121-8671-CC201F8CABC2}.Debug|Any CPU.Build.0 = Debug|Any CPU
		{947486E6-0AE7-4121-8671-CC201F8CABC2}.Release|Any CPU.ActiveCfg = Release|Any CPU
		{947486E6-0AE7-4121-8671-CC201F8CABC2}.Release|Any CPU.Build.0 = Release|Any CPU
		{ADDA18FE-93A5-48BF-BC90-6C36E595626F}.Debug|Any CPU.ActiveCfg = Debug|Any CPU
		{ADDA18FE-93A5-48BF-BC90-6C36E595626F}.Debug|Any CPU.Build.0 = Debug|Any CPU
		{ADDA18FE-93A5-48BF-BC90-6C36E595626F}.Release|Any CPU.ActiveCfg = Release|Any CPU
		{ADDA18FE-93A5-48BF-BC90-6C36E595626F}.Release|Any CPU.Build.0 = Release|Any CPU
		{D4142BEA-4EB8-48E3-993E-F26EA6696DF6}.Debug|Any CPU.ActiveCfg = Debug|Any CPU
		{D4142BEA-4EB8-48E3-993E-F26EA6696DF6}.Debug|Any CPU.Build.0 = Debug|Any CPU
		{D4142BEA-4EB8-48E3-993E-F26EA6696DF6}.Release|Any CPU.ActiveCfg = Release|Any CPU
		{D4142BEA-4EB8-48E3-993E-F26EA6696DF6}.Release|Any CPU.Build.0 = Release|Any CPU
		{2BC3CF88-626B-4782-9C39-87346853F7BB}.Debug|Any CPU.ActiveCfg = Debug|Any CPU
		{2BC3CF88-626B-4782-9C39-87346853F7BB}.Debug|Any CPU.Build.0 = Debug|Any CPU
		{2BC3CF88-626B-4782-9C39-87346853F7BB}.Release|Any CPU.ActiveCfg = Release|Any CPU
		{2BC3CF88-626B-4782-9C39-87346853F7BB}.Release|Any CPU.Build.0 = Release|Any CPU
		{309D74FC-A98C-4940-8216-F1C617181702}.Debug|Any CPU.ActiveCfg = Debug|Any CPU
		{309D74FC-A98C-4940-8216-F1C617181702}.Debug|Any CPU.Build.0 = Debug|Any CPU
		{309D74FC-A98C-4940-8216-F1C617181702}.Release|Any CPU.ActiveCfg = Release|Any CPU
		{309D74FC-A98C-4940-8216-F1C617181702}.Release|Any CPU.Build.0 = Release|Any CPU
		{CE2DD5E4-E10C-4D62-A859-5C325971D7BA}.Debug|Any CPU.ActiveCfg = Debug|Any CPU
		{CE2DD5E4-E10C-4D62-A859-5C325971D7BA}.Debug|Any CPU.Build.0 = Debug|Any CPU
		{CE2DD5E4-E10C-4D62-A859-5C325971D7BA}.Release|Any CPU.ActiveCfg = Release|Any CPU
		{CE2DD5E4-E10C-4D62-A859-5C325971D7BA}.Release|Any CPU.Build.0 = Release|Any CPU
		{5BBEDB3B-92CB-4B03-A16B-046782932EA5}.Debug|Any CPU.ActiveCfg = Debug|Any CPU
		{5BBEDB3B-92CB-4B03-A16B-046782932EA5}.Debug|Any CPU.Build.0 = Debug|Any CPU
		{5BBEDB3B-92CB-4B03-A16B-046782932EA5}.Release|Any CPU.ActiveCfg = Release|Any CPU
		{5BBEDB3B-92CB-4B03-A16B-046782932EA5}.Release|Any CPU.Build.0 = Release|Any CPU
	EndGlobalSection
	GlobalSection(SolutionProperties) = preSolution
		HideSolutionNode = FALSE
	EndGlobalSection
	GlobalSection(ExtensibilityGlobals) = postSolution
		SolutionGuid = {ED0CE750-4AFB-41C9-BCBC-97C5DA8295C7}
	EndGlobalSection
EndGlobal
