
Microsoft Visual Studio Solution File, Format Version 12.00
# Visual Studio 14
VisualStudioVersion = 14.0.25420.1
MinimumVisualStudioVersion = 10.0.40219.1
Project("{2150E333-8FDC-42A3-9474-1A3956D46DE8}") = ".paket", ".paket", "{D5F93442-F280-45E1-9224-5BF707244CC8}"
	ProjectSection(SolutionItems) = preProject
		paket.dependencies = paket.dependencies
	EndProjectSection
EndProject
Project("{F2A71F9B-5D33-465A-A702-920D77279786}") = "Nata.IO", "Nata.IO\Nata.IO.fsproj", "{05933D30-393B-4A8E-8418-B6A141D70040}"
EndProject
Project("{F2A71F9B-5D33-465A-A702-920D77279786}") = "Nata.IO.EventStore", "Nata.IO.EventStore\Nata.IO.EventStore.fsproj", "{B5F580E2-3957-41C3-9F14-F9F8CF636B7E}"
EndProject
Project("{F2A71F9B-5D33-465A-A702-920D77279786}") = "Nata.IO.EventStore.Tests", "Nata.IO.EventStore.Tests\Nata.IO.EventStore.Tests.fsproj", "{A308B0D1-8460-46BB-B52E-B87E994A0FC6}"
EndProject
Project("{F2A71F9B-5D33-465A-A702-920D77279786}") = "Nata.IO.Tests", "Nata.IO.Tests\Nata.IO.Tests.fsproj", "{B58419F9-0387-4780-99D7-70CA2938DA00}"
EndProject
Project("{F2A71F9B-5D33-465A-A702-920D77279786}") = "Nata.IO.Memory", "Nata.IO.Memory\Nata.IO.Memory.fsproj", "{5BAA20B5-A18B-4BEE-AED1-19F393E02096}"
EndProject
Project("{F2A71F9B-5D33-465A-A702-920D77279786}") = "Nata.IO.Memory.Tests", "Nata.IO.Memory.Tests\Nata.IO.Memory.Tests.fsproj", "{B48AC22E-D39F-4F69-9824-028D7D3064CD}"
EndProject
Project("{F2A71F9B-5D33-465A-A702-920D77279786}") = "Nata.IO.File", "Nata.IO.File\Nata.IO.File.fsproj", "{093513EB-1C6C-40C6-A0AF-F71BAA6A827E}"
EndProject
Project("{F2A71F9B-5D33-465A-A702-920D77279786}") = "Nata.IO.File.Tests", "Nata.IO.File.Tests\Nata.IO.File.Tests.fsproj", "{A94B60A5-2F0F-4460-8F3B-49889CEBB001}"
EndProject
Project("{F2A71F9B-5D33-465A-A702-920D77279786}") = "Nata.IO.Kafka", "Nata.IO.Kafka\Nata.IO.Kafka.fsproj", "{B771E50D-567E-44A7-A8A2-8F6FE159ABF6}"
EndProject
Project("{F2A71F9B-5D33-465A-A702-920D77279786}") = "Nata.IO.Kafka.Tests", "Nata.IO.Kafka.Tests\Nata.IO.Kafka.Tests.fsproj", "{A48C2A25-F168-4DA7-BAC2-73A9BE02F027}"
EndProject
Project("{F2A71F9B-5D33-465A-A702-920D77279786}") = "Nata.IO.AzureStorage", "Nata.IO.AzureStorage\Nata.IO.AzureStorage.fsproj", "{B193DB82-958B-403A-B4D4-6369ADB1E6EF}"
EndProject
Project("{F2A71F9B-5D33-465A-A702-920D77279786}") = "Nata.IO.AzureStorage.Tests", "Nata.IO.AzureStorage.Tests\Nata.IO.AzureStorage.Tests.fsproj", "{79D6ACA1-59E0-4278-AEA0-2CD1E526A4DB}"
EndProject
Project("{F2A71F9B-5D33-465A-A702-920D77279786}") = "Nata.IO.RabbitMQ", "Nata.IO.RabbitMQ\Nata.IO.RabbitMQ.fsproj", "{A60676EE-8E17-4830-BB88-F2D520F5B55F}"
EndProject
Project("{F2A71F9B-5D33-465A-A702-920D77279786}") = "Nata.IO.RabbitMQ.Tests", "Nata.IO.RabbitMQ.Tests\Nata.IO.RabbitMQ.Tests.fsproj", "{9D416CA4-09CE-4722-905F-251162BDFDDF}"
EndProject
Project("{F2A71F9B-5D33-465A-A702-920D77279786}") = "Nata.IO.EventHub", "Nata.IO.EventHub\Nata.IO.EventHub.fsproj", "{3844EA6A-47FB-4828-8D25-7ECFF02CAA27}"
EndProject
Project("{F2A71F9B-5D33-465A-A702-920D77279786}") = "Nata.IO.EventHub.Tests", "Nata.IO.EventHub.Tests\Nata.IO.EventHub.Tests.fsproj", "{F0D10D96-77ED-4C85-9CF9-D4F2F6B49272}"
EndProject
Project("{F2A71F9B-5D33-465A-A702-920D77279786}") = "Documentation", "Documentation\Documentation.fsproj", "{4F059E0F-12A0-4EFC-91CF-51466B6BCB7B}"
EndProject
Project("{F2A71F9B-5D33-465A-A702-920D77279786}") = "Nata.Fun.JsonPath", "Nata.Fun.JsonPath\Nata.Fun.JsonPath.fsproj", "{714846EF-7B39-40DD-BF6A-AE694CEBA160}"
EndProject
Global
	GlobalSection(SolutionConfigurationPlatforms) = preSolution
		Debug|Any CPU = Debug|Any CPU
		Release|Any CPU = Release|Any CPU
	EndGlobalSection
	GlobalSection(ProjectConfigurationPlatforms) = postSolution
		{05933D30-393B-4A8E-8418-B6A141D70040}.Debug|Any CPU.ActiveCfg = Debug|Any CPU
		{05933D30-393B-4A8E-8418-B6A141D70040}.Debug|Any CPU.Build.0 = Debug|Any CPU
		{05933D30-393B-4A8E-8418-B6A141D70040}.Release|Any CPU.ActiveCfg = Release|Any CPU
		{05933D30-393B-4A8E-8418-B6A141D70040}.Release|Any CPU.Build.0 = Release|Any CPU
		{B5F580E2-3957-41C3-9F14-F9F8CF636B7E}.Debug|Any CPU.ActiveCfg = Debug|Any CPU
		{B5F580E2-3957-41C3-9F14-F9F8CF636B7E}.Debug|Any CPU.Build.0 = Debug|Any CPU
		{B5F580E2-3957-41C3-9F14-F9F8CF636B7E}.Release|Any CPU.ActiveCfg = Release|Any CPU
		{B5F580E2-3957-41C3-9F14-F9F8CF636B7E}.Release|Any CPU.Build.0 = Release|Any CPU
		{A308B0D1-8460-46BB-B52E-B87E994A0FC6}.Debug|Any CPU.ActiveCfg = Debug|Any CPU
		{A308B0D1-8460-46BB-B52E-B87E994A0FC6}.Debug|Any CPU.Build.0 = Debug|Any CPU
		{A308B0D1-8460-46BB-B52E-B87E994A0FC6}.Release|Any CPU.ActiveCfg = Release|Any CPU
		{A308B0D1-8460-46BB-B52E-B87E994A0FC6}.Release|Any CPU.Build.0 = Release|Any CPU
		{B58419F9-0387-4780-99D7-70CA2938DA00}.Debug|Any CPU.ActiveCfg = Debug|Any CPU
		{B58419F9-0387-4780-99D7-70CA2938DA00}.Debug|Any CPU.Build.0 = Debug|Any CPU
		{B58419F9-0387-4780-99D7-70CA2938DA00}.Release|Any CPU.ActiveCfg = Release|Any CPU
		{B58419F9-0387-4780-99D7-70CA2938DA00}.Release|Any CPU.Build.0 = Release|Any CPU
		{5BAA20B5-A18B-4BEE-AED1-19F393E02096}.Debug|Any CPU.ActiveCfg = Debug|Any CPU
		{5BAA20B5-A18B-4BEE-AED1-19F393E02096}.Debug|Any CPU.Build.0 = Debug|Any CPU
		{5BAA20B5-A18B-4BEE-AED1-19F393E02096}.Release|Any CPU.ActiveCfg = Release|Any CPU
		{5BAA20B5-A18B-4BEE-AED1-19F393E02096}.Release|Any CPU.Build.0 = Release|Any CPU
		{B48AC22E-D39F-4F69-9824-028D7D3064CD}.Debug|Any CPU.ActiveCfg = Debug|Any CPU
		{B48AC22E-D39F-4F69-9824-028D7D3064CD}.Debug|Any CPU.Build.0 = Debug|Any CPU
		{B48AC22E-D39F-4F69-9824-028D7D3064CD}.Release|Any CPU.ActiveCfg = Release|Any CPU
		{B48AC22E-D39F-4F69-9824-028D7D3064CD}.Release|Any CPU.Build.0 = Release|Any CPU
		{093513EB-1C6C-40C6-A0AF-F71BAA6A827E}.Debug|Any CPU.ActiveCfg = Debug|Any CPU
		{093513EB-1C6C-40C6-A0AF-F71BAA6A827E}.Debug|Any CPU.Build.0 = Debug|Any CPU
		{093513EB-1C6C-40C6-A0AF-F71BAA6A827E}.Release|Any CPU.ActiveCfg = Release|Any CPU
		{093513EB-1C6C-40C6-A0AF-F71BAA6A827E}.Release|Any CPU.Build.0 = Release|Any CPU
		{A94B60A5-2F0F-4460-8F3B-49889CEBB001}.Debug|Any CPU.ActiveCfg = Debug|Any CPU
		{A94B60A5-2F0F-4460-8F3B-49889CEBB001}.Debug|Any CPU.Build.0 = Debug|Any CPU
		{A94B60A5-2F0F-4460-8F3B-49889CEBB001}.Release|Any CPU.ActiveCfg = Release|Any CPU
		{A94B60A5-2F0F-4460-8F3B-49889CEBB001}.Release|Any CPU.Build.0 = Release|Any CPU
		{B771E50D-567E-44A7-A8A2-8F6FE159ABF6}.Debug|Any CPU.ActiveCfg = Debug|Any CPU
		{B771E50D-567E-44A7-A8A2-8F6FE159ABF6}.Debug|Any CPU.Build.0 = Debug|Any CPU
		{B771E50D-567E-44A7-A8A2-8F6FE159ABF6}.Release|Any CPU.ActiveCfg = Release|Any CPU
		{B771E50D-567E-44A7-A8A2-8F6FE159ABF6}.Release|Any CPU.Build.0 = Release|Any CPU
		{A48C2A25-F168-4DA7-BAC2-73A9BE02F027}.Debug|Any CPU.ActiveCfg = Debug|Any CPU
		{A48C2A25-F168-4DA7-BAC2-73A9BE02F027}.Debug|Any CPU.Build.0 = Debug|Any CPU
		{A48C2A25-F168-4DA7-BAC2-73A9BE02F027}.Release|Any CPU.ActiveCfg = Release|Any CPU
		{A48C2A25-F168-4DA7-BAC2-73A9BE02F027}.Release|Any CPU.Build.0 = Release|Any CPU
		{B193DB82-958B-403A-B4D4-6369ADB1E6EF}.Debug|Any CPU.ActiveCfg = Debug|Any CPU
		{B193DB82-958B-403A-B4D4-6369ADB1E6EF}.Debug|Any CPU.Build.0 = Debug|Any CPU
		{B193DB82-958B-403A-B4D4-6369ADB1E6EF}.Release|Any CPU.ActiveCfg = Release|Any CPU
		{B193DB82-958B-403A-B4D4-6369ADB1E6EF}.Release|Any CPU.Build.0 = Release|Any CPU
		{79D6ACA1-59E0-4278-AEA0-2CD1E526A4DB}.Debug|Any CPU.ActiveCfg = Debug|Any CPU
		{79D6ACA1-59E0-4278-AEA0-2CD1E526A4DB}.Debug|Any CPU.Build.0 = Debug|Any CPU
		{79D6ACA1-59E0-4278-AEA0-2CD1E526A4DB}.Release|Any CPU.ActiveCfg = Release|Any CPU
		{79D6ACA1-59E0-4278-AEA0-2CD1E526A4DB}.Release|Any CPU.Build.0 = Release|Any CPU
		{A60676EE-8E17-4830-BB88-F2D520F5B55F}.Debug|Any CPU.ActiveCfg = Debug|Any CPU
		{A60676EE-8E17-4830-BB88-F2D520F5B55F}.Debug|Any CPU.Build.0 = Debug|Any CPU
		{A60676EE-8E17-4830-BB88-F2D520F5B55F}.Release|Any CPU.ActiveCfg = Release|Any CPU
		{A60676EE-8E17-4830-BB88-F2D520F5B55F}.Release|Any CPU.Build.0 = Release|Any CPU
		{9D416CA4-09CE-4722-905F-251162BDFDDF}.Debug|Any CPU.ActiveCfg = Debug|Any CPU
		{9D416CA4-09CE-4722-905F-251162BDFDDF}.Debug|Any CPU.Build.0 = Debug|Any CPU
		{9D416CA4-09CE-4722-905F-251162BDFDDF}.Release|Any CPU.ActiveCfg = Release|Any CPU
		{9D416CA4-09CE-4722-905F-251162BDFDDF}.Release|Any CPU.Build.0 = Release|Any CPU
		{3844EA6A-47FB-4828-8D25-7ECFF02CAA27}.Debug|Any CPU.ActiveCfg = Debug|Any CPU
		{3844EA6A-47FB-4828-8D25-7ECFF02CAA27}.Debug|Any CPU.Build.0 = Debug|Any CPU
		{3844EA6A-47FB-4828-8D25-7ECFF02CAA27}.Release|Any CPU.ActiveCfg = Release|Any CPU
		{3844EA6A-47FB-4828-8D25-7ECFF02CAA27}.Release|Any CPU.Build.0 = Release|Any CPU
		{F0D10D96-77ED-4C85-9CF9-D4F2F6B49272}.Debug|Any CPU.ActiveCfg = Debug|Any CPU
		{F0D10D96-77ED-4C85-9CF9-D4F2F6B49272}.Debug|Any CPU.Build.0 = Debug|Any CPU
		{F0D10D96-77ED-4C85-9CF9-D4F2F6B49272}.Release|Any CPU.ActiveCfg = Release|Any CPU
		{F0D10D96-77ED-4C85-9CF9-D4F2F6B49272}.Release|Any CPU.Build.0 = Release|Any CPU
		{4F059E0F-12A0-4EFC-91CF-51466B6BCB7B}.Debug|Any CPU.ActiveCfg = Debug|Any CPU
		{4F059E0F-12A0-4EFC-91CF-51466B6BCB7B}.Debug|Any CPU.Build.0 = Debug|Any CPU
		{4F059E0F-12A0-4EFC-91CF-51466B6BCB7B}.Release|Any CPU.ActiveCfg = Release|Any CPU
		{4F059E0F-12A0-4EFC-91CF-51466B6BCB7B}.Release|Any CPU.Build.0 = Release|Any CPU
		{714846EF-7B39-40DD-BF6A-AE694CEBA160}.Debug|Any CPU.ActiveCfg = Debug|Any CPU
		{714846EF-7B39-40DD-BF6A-AE694CEBA160}.Debug|Any CPU.Build.0 = Debug|Any CPU
		{714846EF-7B39-40DD-BF6A-AE694CEBA160}.Release|Any CPU.ActiveCfg = Release|Any CPU
		{714846EF-7B39-40DD-BF6A-AE694CEBA160}.Release|Any CPU.Build.0 = Release|Any CPU
	EndGlobalSection
	GlobalSection(SolutionProperties) = preSolution
		HideSolutionNode = FALSE
	EndGlobalSection
EndGlobal
