
Microsoft Visual Studio Solution File, Format Version 11.00
# Visual Studio 2010
Project("{4925A630-B079-445d-BCD4-3A9C94FE9307}") = "wavefront", "wavefront\wavefront.fsproj", "{BE21CDE9-E3A6-4EFD-A67C-118808C528C9}"
EndProject
Global
	GlobalSection(SolutionConfigurationPlatforms) = preSolution
		Debug|Any CPU = Debug|Any CPU
		Release|Any CPU = Release|Any CPU
	EndGlobalSection
	GlobalSection(ProjectConfigurationPlatforms) = postSolution
		{BE21CDE9-E3A6-4EFD-A67C-118808C528C9}.Debug|Any CPU.ActiveCfg = Debug|Any CPU
		{BE21CDE9-E3A6-4EFD-A67C-118808C528C9}.Debug|Any CPU.Build.0 = Debug|Any CPU
		{BE21CDE9-E3A6-4EFD-A67C-118808C528C9}.Release|Any CPU.ActiveCfg = Release|Any CPU
		{BE21CDE9-E3A6-4EFD-A67C-118808C528C9}.Release|Any CPU.Build.0 = Release|Any CPU
	EndGlobalSection
	GlobalSection(MonoDevelopProperties) = preSolution
		StartupItem = wavefront\wavefront.fsproj
	EndGlobalSection
EndGlobal
