
Microsoft Visual Studio Solution File, Format Version 12.00
# Visual Studio 14
VisualStudioVersion = 14.0.25420.1
MinimumVisualStudioVersion = 10.0.40219.1
Project("{F2A71F9B-5D33-465A-A702-920D77279786}") = "EventStore.DockerCluster", "EventStore.DockerCluster.fsproj", "{2EAEBE27-EBBB-4F47-8E81-63C234F0765D}"
EndProject
Global
	GlobalSection(SolutionConfigurationPlatforms) = preSolution
		Debug|Any CPU = Debug|Any CPU
		Release|Any CPU = Release|Any CPU
	EndGlobalSection
	GlobalSection(ProjectConfigurationPlatforms) = postSolution
		{2EAEBE27-EBBB-4F47-8E81-63C234F0765D}.Debug|Any CPU.ActiveCfg = Debug|Any CPU
		{2EAEBE27-EBBB-4F47-8E81-63C234F0765D}.Debug|Any CPU.Build.0 = Debug|Any CPU
		{2EAEBE27-EBBB-4F47-8E81-63C234F0765D}.Release|Any CPU.ActiveCfg = Release|Any CPU
		{2EAEBE27-EBBB-4F47-8E81-63C234F0765D}.Release|Any CPU.Build.0 = Release|Any CPU
	EndGlobalSection
	GlobalSection(SolutionProperties) = preSolution
		HideSolutionNode = FALSE
	EndGlobalSection
EndGlobal
